// !$*UTF8*$!
{
	archiveVersion = 1;
	classes = {
	};
	objectVersion = 77;
	objects = {

/* Begin PBXContainerItemProxy section */
		8224F242300E875400AE6A93 /* PBXContainerItemProxy */ = {
			isa = PBXContainerItemProxy;
			containerPortal = 825DB53F300BF0B800DC1644 /* Project object */;
			proxyType = 1;
			remoteGlobalIDString = 8224F234300E875200AE6A93;
			remoteInfo = "AgInOl Companion";
		};
		8224F24C300E875400AE6A93 /* PBXContainerItemProxy */ = {
			isa = PBXContainerItemProxy;
			containerPortal = 825DB53F300BF0B800DC1644 /* Project object */;
			proxyType = 1;
			remoteGlobalIDString = 8224F234300E875200AE6A93;
			remoteInfo = "AgInOl Companion";
		};
		825DB557300BF0BA00DC1644 /* PBXContainerItemProxy */ = {
			isa = PBXContainerItemProxy;
			containerPortal = 825DB53F300BF0B800DC1644 /* Project object */;
			proxyType = 1;
			remoteGlobalIDString = 825DB546300BF0B800DC1644;
			remoteInfo = AgInOl;
		};
		825DB561300BF0BA00DC1644 /* PBXContainerItemProxy */ = {
			isa = PBXContainerItemProxy;
			containerPortal = 825DB53F300BF0B800DC1644 /* Project object */;
			proxyType = 1;
			remoteGlobalIDString = 825DB546300BF0B800DC1644;
			remoteInfo = AgInOl;
		};
/* End PBXContainerItemProxy section */

/* Begin PBXFileReference section */
		8224F235300E875200AE6A93 /* AgInOl Companion.app */ = {isa = PBXFileReference; explicitFileType = wrapper.application; includeInIndex = 0; path = "AgInOl Companion.app"; sourceTree = BUILT_PRODUCTS_DIR; };
		8224F241300E875400AE6A93 /* AgInOl CompanionTests.xctest */ = {isa = PBXFileReference; explicitFileType = wrapper.cfbundle; includeInIndex = 0; path = "AgInOl CompanionTests.xctest"; sourceTree = BUILT_PRODUCTS_DIR; };
		8224F24B300E875400AE6A93 /* AgInOl CompanionUITests.xctest */ = {isa = PBXFileReference; explicitFileType = wrapper.cfbundle; includeInIndex = 0; path = "AgInOl CompanionUITests.xctest"; sourceTree = BUILT_PRODUCTS_DIR; };
		825DB547300BF0B800DC1644 /* AgInOl.app */ = {isa = PBXFileReference; explicitFileType = wrapper.application; includeInIndex = 0; path = AgInOl.app; sourceTree = BUILT_PRODUCTS_DIR; };
		825DB556300BF0BA00DC1644 /* AgInOlTests.xctest */ = {isa = PBXFileReference; explicitFileType = wrapper.cfbundle; includeInIndex = 0; path = AgInOlTests.xctest; sourceTree = BUILT_PRODUCTS_DIR; };
		825DB560300BF0BA00DC1644 /* AgInOlUITests.xctest */ = {isa = PBXFileReference; explicitFileType = wrapper.cfbundle; includeInIndex = 0; path = AgInOlUITests.xctest; sourceTree = BUILT_PRODUCTS_DIR; };
/* End PBXFileReference section */

/* Begin PBXFileSystemSynchronizedRootGroup section */
		8224F236300E875300AE6A93 /* AgInOl Companion */ = {
			isa = PBXFileSystemSynchronizedRootGroup;
			path = "AgInOl Companion";
			sourceTree = "<group>";
		};
		8224F244300E875400AE6A93 /* AgInOl CompanionTests */ = {
			isa = PBXFileSystemSynchronizedRootGroup;
			path = "AgInOl CompanionTests";
			sourceTree = "<group>";
		};
		8224F24E300E875400AE6A93 /* AgInOl CompanionUITests */ = {
			isa = PBXFileSystemSynchronizedRootGroup;
			path = "AgInOl CompanionUITests";
			sourceTree = "<group>";
		};
		825DB549300BF0B800DC1644 /* AgInOl */ = {
			isa = PBXFileSystemSynchronizedRootGroup;
			path = AgInOl;
			sourceTree = "<group>";
		};
		825DB559300BF0BA00DC1644 /* AgInOlTests */ = {
			isa = PBXFileSystemSynchronizedRootGroup;
			path = AgInOlTests;
			sourceTree = "<group>";
		};
		825DB563300BF0BA00DC1644 /* AgInOlUITests */ = {
			isa = PBXFileSystemSynchronizedRootGroup;
			path = AgInOlUITests;
			sourceTree = "<group>";
		};
		82F1A0011000000100AE6A93 /* AgInOl Shared */ = {
			isa = PBXFileSystemSynchronizedRootGroup;
			path = "AgInOl Shared";
			sourceTree = "<group>";
		};
/* End PBXFileSystemSynchronizedRootGroup section */

/* Begin PBXFrameworksBuildPhase section */
		8224F232300E875200AE6A93 /* Frameworks */ = {
			isa = PBXFrameworksBuildPhase;
			buildActionMask = 2147483647;
			files = (
			);
			runOnlyForDeploymentPostprocessing = 0;
		};
		8224F23E300E875400AE6A93 /* Frameworks */ = {
			isa = PBXFrameworksBuildPhase;
			buildActionMask = 2147483647;
			files = (
			);
			runOnlyForDeploymentPostprocessing = 0;
		};
		8224F248300E875400AE6A93 /* Frameworks */ = {
			isa = PBXFrameworksBuildPhase;
			buildActionMask = 2147483647;
			files = (
			);
			runOnlyForDeploymentPostprocessing = 0;
		};
		825DB544300BF0B800DC1644 /* Frameworks */ = {
			isa = PBXFrameworksBuildPhase;
			buildActionMask = 2147483647;
			files = (
			);
			runOnlyForDeploymentPostprocessing = 0;
		};
		825DB553300BF0BA00DC1644 /* Frameworks */ = {
			isa = PBXFrameworksBuildPhase;
			buildActionMask = 2147483647;
			files = (
			);
			runOnlyForDeploymentPostprocessing = 0;
		};
		825DB55D300BF0BA00DC1644 /* Frameworks */ = {
			isa = PBXFrameworksBuildPhase;
			buildActionMask = 2147483647;
			files = (
			);
			runOnlyForDeploymentPostprocessing = 0;
		};
/* End PBXFrameworksBuildPhase section */

/* Begin PBXGroup section */
		825DB53E300BF0B800DC1644 = {
			isa = PBXGroup;
			children = (
				825DB549300BF0B800DC1644 /* AgInOl */,
				82F1A0011000000100AE6A93 /* AgInOl Shared */,
				825DB559300BF0BA00DC1644 /* AgInOlTests */,
				825DB563300BF0BA00DC1644 /* AgInOlUITests */,
				8224F236300E875300AE6A93 /* AgInOl Companion */,
				8224F244300E875400AE6A93 /* AgInOl CompanionTests */,
				8224F24E300E875400AE6A93 /* AgInOl CompanionUITests */,
				825DB548300BF0B800DC1644 /* Products */,
			);
			sourceTree = "<group>";
		};
		825DB548300BF0B800DC1644 /* Products */ = {
			isa = PBXGroup;
			children = (
				825DB547300BF0B800DC1644 /* AgInOl.app */,
				825DB556300BF0BA00DC1644 /* AgInOlTests.xctest */,
				825DB560300BF0BA00DC1644 /* AgInOlUITests.xctest */,
				8224F235300E875200AE6A93 /* AgInOl Companion.app */,
				8224F241300E875400AE6A93 /* AgInOl CompanionTests.xctest */,
				8224F24B300E875400AE6A93 /* AgInOl CompanionUITests.xctest */,
			);
			name = Products;
			sourceTree = "<group>";
		};
/* End PBXGroup section */

/* Begin PBXNativeTarget section */
		8224F234300E875200AE6A93 /* AgInOl Companion */ = {
			isa = PBXNativeTarget;
			buildConfigurationList = 8224F253300E875400AE6A93 /* Build configuration list for PBXNativeTarget "AgInOl Companion" */;
			buildPhases = (
				8224F231300E875200AE6A93 /* Sources */,
				8224F232300E875200AE6A93 /* Frameworks */,
				8224F233300E875200AE6A93 /* Resources */,
			);
			buildRules = (
			);
			dependencies = (
			);
			fileSystemSynchronizedGroups = (
				8224F236300E875300AE6A93 /* AgInOl Companion */,
				82F1A0011000000100AE6A93 /* AgInOl Shared */,
			);
			name = "AgInOl Companion";
			packageProductDependencies = (
			);
			productName = "AgInOl Companion";
			productReference = 8224F235300E875200AE6A93 /* AgInOl Companion.app */;
			productType = "com.apple.product-type.application";
		};
		8224F240300E875400AE6A93 /* AgInOl CompanionTests */ = {
			isa = PBXNativeTarget;
			buildConfigurationList = 8224F256300E875400AE6A93 /* Build configuration list for PBXNativeTarget "AgInOl CompanionTests" */;
			buildPhases = (
				8224F23D300E875400AE6A93 /* Sources */,
				8224F23E300E875400AE6A93 /* Frameworks */,
				8224F23F300E875400AE6A93 /* Resources */,
			);
			buildRules = (
			);
			dependencies = (
				8224F243300E875400AE6A93 /* PBXTargetDependency */,
			);
			fileSystemSynchronizedGroups = (
				8224F244300E875400AE6A93 /* AgInOl CompanionTests */,
			);
			name = "AgInOl CompanionTests";
			packageProductDependencies = (
			);
			productName = "AgInOl CompanionTests";
			productReference = 8224F241300E875400AE6A93 /* AgInOl CompanionTests.xctest */;
			productType = "com.apple.product-type.bundle.unit-test";
		};
		8224F24A300E875400AE6A93 /* AgInOl CompanionUITests */ = {
			isa = PBXNativeTarget;
			buildConfigurationList = 8224F259300E875400AE6A93 /* Build configuration list for PBXNativeTarget "AgInOl CompanionUITests" */;
			buildPhases = (
				8224F247300E875400AE6A93 /* Sources */,
				8224F248300E875400AE6A93 /* Frameworks */,
				8224F249300E875400AE6A93 /* Resources */,
			);
			buildRules = (
			);
			dependencies = (
				8224F24D300E875400AE6A93 /* PBXTargetDependency */,
			);
			fileSystemSynchronizedGroups = (
				8224F24E300E875400AE6A93 /* AgInOl CompanionUITests */,
			);
			name = "AgInOl CompanionUITests";
			packageProductDependencies = (
			);
			productName = "AgInOl CompanionUITests";
			productReference = 8224F24B300E875400AE6A93 /* AgInOl CompanionUITests.xctest */;
			productType = "com.apple.product-type.bundle.ui-testing";
		};
		825DB546300BF0B800DC1644 /* AgInOl */ = {
			isa = PBXNativeTarget;
			buildConfigurationList = 825DB56A300BF0BA00DC1644 /* Build configuration list for PBXNativeTarget "AgInOl" */;
			buildPhases = (
				825DB543300BF0B800DC1644 /* Sources */,
				825DB544300BF0B800DC1644 /* Frameworks */,
				825DB545300BF0B800DC1644 /* Resources */,
			);
			buildRules = (
			);
			dependencies = (
			);
			fileSystemSynchronizedGroups = (
				825DB549300BF0B800DC1644 /* AgInOl */,
				82F1A0011000000100AE6A93 /* AgInOl Shared */,
			);
			name = AgInOl;
			packageProductDependencies = (
			);
			productName = AgInOl;
			productReference = 825DB547300BF0B800DC1644 /* AgInOl.app */;
			productType = "com.apple.product-type.application";
		};
		825DB555300BF0BA00DC1644 /* AgInOlTests */ = {
			isa = PBXNativeTarget;
			buildConfigurationList = 825DB56D300BF0BA00DC1644 /* Build configuration list for PBXNativeTarget "AgInOlTests" */;
			buildPhases = (
				825DB552300BF0BA00DC1644 /* Sources */,
				825DB553300BF0BA00DC1644 /* Frameworks */,
				825DB554300BF0BA00DC1644 /* Resources */,
			);
			buildRules = (
			);
			dependencies = (
				825DB558300BF0BA00DC1644 /* PBXTargetDependency */,
			);
			fileSystemSynchronizedGroups = (
				825DB559300BF0BA00DC1644 /* AgInOlTests */,
			);
			name = AgInOlTests;
			packageProductDependencies = (
			);
			productName = AgInOlTests;
			productReference = 825DB556300BF0BA00DC1644 /* AgInOlTests.xctest */;
			productType = "com.apple.product-type.bundle.unit-test";
		};
		825DB55F300BF0BA00DC1644 /* AgInOlUITests */ = {
			isa = PBXNativeTarget;
			buildConfigurationList = 825DB570300BF0BA00DC1644 /* Build configuration list for PBXNativeTarget "AgInOlUITests" */;
			buildPhases = (
				825DB55C300BF0BA00DC1644 /* Sources */,
				825DB55D300BF0BA00DC1644 /* Frameworks */,
				825DB55E300BF0BA00DC1644 /* Resources */,
			);
			buildRules = (
			);
			dependencies = (
				825DB562300BF0BA00DC1644 /* PBXTargetDependency */,
			);
			fileSystemSynchronizedGroups = (
				825DB563300BF0BA00DC1644 /* AgInOlUITests */,
			);
			name = AgInOlUITests;
			packageProductDependencies = (
			);
			productName = AgInOlUITests;
			productReference = 825DB560300BF0BA00DC1644 /* AgInOlUITests.xctest */;
			productType = "com.apple.product-type.bundle.ui-testing";
		};
/* End PBXNativeTarget section */

/* Begin PBXProject section */
		825DB53F300BF0B800DC1644 /* Project object */ = {
			isa = PBXProject;
			attributes = {
				BuildIndependentTargetsInParallel = 1;
				LastSwiftUpdateCheck = 2660;
				LastUpgradeCheck = 2660;
				TargetAttributes = {
					8224F234300E875200AE6A93 = {
						CreatedOnToolsVersion = 26.6;
					};
					8224F240300E875400AE6A93 = {
						CreatedOnToolsVersion = 26.6;
						TestTargetID = 8224F234300E875200AE6A93;
					};
					8224F24A300E875400AE6A93 = {
						CreatedOnToolsVersion = 26.6;
						TestTargetID = 8224F234300E875200AE6A93;
					};
					825DB546300BF0B800DC1644 = {
						CreatedOnToolsVersion = 26.6;
					};
					825DB555300BF0BA00DC1644 = {
						CreatedOnToolsVersion = 26.6;
						TestTargetID = 825DB546300BF0B800DC1644;
					};
					825DB55F300BF0BA00DC1644 = {
						CreatedOnToolsVersion = 26.6;
						TestTargetID = 825DB546300BF0B800DC1644;
					};
				};
			};
			buildConfigurationList = 825DB542300BF0B800DC1644 /* Build configuration list for PBXProject "AgInOl" */;
			developmentRegion = en;
			hasScannedForEncodings = 0;
			knownRegions = (
				en,
				Base,
				de,
				"zh-Hans",
				es,
				"pt-PT",
				"pt-BR",
				fr,
				hi,
				hu,
				it,
				ko,
				nb,
				pl,
				ru,
				sv,
				th,
				tr,
				ja,
				uk,
				vi,
			);
			mainGroup = 825DB53E300BF0B800DC1644;
			minimizedProjectReferenceProxies = 1;
			packageReferences = (
				82F45298301BC8EF00AE050A /* XCRemoteSwiftPackageReference "Sparkle" */,
			);
			preferredProjectObjectVersion = 77;
			productRefGroup = 825DB548300BF0B800DC1644 /* Products */;
			projectDirPath = "";
			projectRoot = "";
			targets = (
				825DB546300BF0B800DC1644 /* AgInOl */,
				825DB555300BF0BA00DC1644 /* AgInOlTests */,
				825DB55F300BF0BA00DC1644 /* AgInOlUITests */,
				8224F234300E875200AE6A93 /* AgInOl Companion */,
				8224F240300E875400AE6A93 /* AgInOl CompanionTests */,
				8224F24A300E875400AE6A93 /* AgInOl CompanionUITests */,
			);
		};
/* End PBXProject section */

/* Begin PBXResourcesBuildPhase section */
		8224F233300E875200AE6A93 /* Resources */ = {
			isa = PBXResourcesBuildPhase;
			buildActionMask = 2147483647;
			files = (
			);
			runOnlyForDeploymentPostprocessing = 0;
		};
		8224F23F300E875400AE6A93 /* Resources */ = {
			isa = PBXResourcesBuildPhase;
			buildActionMask = 2147483647;
			files = (
			);
			runOnlyForDeploymentPostprocessing = 0;
		};
		8224F249300E875400AE6A93 /* Resources */ = {
			isa = PBXResourcesBuildPhase;
			buildActionMask = 2147483647;
			files = (
			);
			runOnlyForDeploymentPostprocessing = 0;
		};
		825DB545300BF0B800DC1644 /* Resources */ = {
			isa = PBXResourcesBuildPhase;
			buildActionMask = 2147483647;
			files = (
			);
			runOnlyForDeploymentPostprocessing = 0;
		};
		825DB554300BF0BA00DC1644 /* Resources */ = {
			isa = PBXResourcesBuildPhase;
			buildActionMask = 2147483647;
			files = (
			);
			runOnlyForDeploymentPostprocessing = 0;
		};
		825DB55E300BF0BA00DC1644 /* Resources */ = {
			isa = PBXResourcesBuildPhase;
			buildActionMask = 2147483647;
			files = (
			);
			runOnlyForDeploymentPostprocessing = 0;
		};
/* End PBXResourcesBuildPhase section */

/* Begin PBXSourcesBuildPhase section */
		8224F231300E875200AE6A93 /* Sources */ = {
			isa = PBXSourcesBuildPhase;
			buildActionMask = 2147483647;
			files = (
			);
			runOnlyForDeploymentPostprocessing = 0;
		};
		8224F23D300E875400AE6A93 /* Sources */ = {
			isa = PBXSourcesBuildPhase;
			buildActionMask = 2147483647;
			files = (
			);
			runOnlyForDeploymentPostprocessing = 0;
		};
		8224F247300E875400AE6A93 /* Sources */ = {
			isa = PBXSourcesBuildPhase;
			buildActionMask = 2147483647;
			files = (
			);
			runOnlyForDeploymentPostprocessing = 0;
		};
		825DB543300BF0B800DC1644 /* Sources */ = {
			isa = PBXSourcesBuildPhase;
			buildActionMask = 2147483647;
			files = (
			);
			runOnlyForDeploymentPostprocessing = 0;
		};
		825DB552300BF0BA00DC1644 /* Sources */ = {
			isa = PBXSourcesBuildPhase;
			buildActionMask = 2147483647;
			files = (
			);
			runOnlyForDeploymentPostprocessing = 0;
		};
		825DB55C300BF0BA00DC1644 /* Sources */ = {
			isa = PBXSourcesBuildPhase;
			buildActionMask = 2147483647;
			files = (
			);
			runOnlyForDeploymentPostprocessing = 0;
		};
/* End PBXSourcesBuildPhase section */

/* Begin PBXTargetDependency section */
		8224F243300E875400AE6A93 /* PBXTargetDependency */ = {
			isa = PBXTargetDependency;
			target = 8224F234300E875200AE6A93 /* AgInOl Companion */;
			targetProxy = 8224F242300E875400AE6A93 /* PBXContainerItemProxy */;
		};
		8224F24D300E875400AE6A93 /* PBXTargetDependency */ = {
			isa = PBXTargetDependency;
			target = 8224F234300E875200AE6A93 /* AgInOl Companion */;
			targetProxy = 8224F24C300E875400AE6A93 /* PBXContainerItemProxy */;
		};
		825DB558300BF0BA00DC1644 /* PBXTargetDependency */ = {
			isa = PBXTargetDependency;
			target = 825DB546300BF0B800DC1644 /* AgInOl */;
			targetProxy = 825DB557300BF0BA00DC1644 /* PBXContainerItemProxy */;
		};
		825DB562300BF0BA00DC1644 /* PBXTargetDependency */ = {
			isa = PBXTargetDependency;
			target = 825DB546300BF0B800DC1644 /* AgInOl */;
			targetProxy = 825DB561300BF0BA00DC1644 /* PBXContainerItemProxy */;
		};
/* End PBXTargetDependency section */

/* Begin XCBuildConfiguration section */
		8224F254300E875400AE6A93 /* Debug */ = {
			isa = XCBuildConfiguration;
			buildSettings = {
				ASSETCATALOG_COMPILER_APPICON_NAME = AppIcon;
				ASSETCATALOG_COMPILER_GLOBAL_ACCENT_COLOR_NAME = AccentColor;
				CODE_SIGN_ENTITLEMENTS = "AgInOl Companion/AgInOl Companion.entitlements";
				CODE_SIGN_STYLE = Automatic;
				CURRENT_PROJECT_VERSION = 7;
				DEVELOPMENT_TEAM = KT43342F9W;
				ENABLE_PREVIEWS = YES;
				GENERATE_INFOPLIST_FILE = YES;
				INFOPLIST_KEY_ITSAppUsesNonExemptEncryption = NO;
				INFOPLIST_KEY_UIApplicationSceneManifest_Generation = YES;
				INFOPLIST_KEY_UIApplicationSupportsIndirectInputEvents = YES;
				INFOPLIST_KEY_UILaunchScreen_Generation = YES;
				INFOPLIST_KEY_UISupportedInterfaceOrientations_iPad = "UIInterfaceOrientationPortrait UIInterfaceOrientationPortraitUpsideDown UIInterfaceOrientationLandscapeLeft UIInterfaceOrientationLandscapeRight";
				INFOPLIST_KEY_UISupportedInterfaceOrientations_iPhone = "UIInterfaceOrientationPortrait UIInterfaceOrientationLandscapeLeft UIInterfaceOrientationLandscapeRight";
				IPHONEOS_DEPLOYMENT_TARGET = 26.5;
				LD_RUNPATH_SEARCH_PATHS = (
					"$(inherited)",
					"@executable_path/Frameworks",
				);
				MARKETING_VERSION = 1.0;
				PRODUCT_BUNDLE_IDENTIFIER = "de.IBMobile.AgInOl-Companion";
				PRODUCT_NAME = "$(TARGET_NAME)";
				SDKROOT = iphoneos;
				STRING_CATALOG_GENERATE_SYMBOLS = YES;
				SWIFT_APPROACHABLE_CONCURRENCY = YES;
				SWIFT_DEFAULT_ACTOR_ISOLATION = MainActor;
				SWIFT_EMIT_LOC_STRINGS = YES;
				SWIFT_UPCOMING_FEATURE_MEMBER_IMPORT_VISIBILITY = YES;
				SWIFT_VERSION = 5.0;
				TARGETED_DEVICE_FAMILY = "1,2";
			};
			name = Debug;
		};
		8224F255300E875400AE6A93 /* Release */ = {
			isa = XCBuildConfiguration;
			buildSettings = {
				ASSETCATALOG_COMPILER_APPICON_NAME = AppIcon;
				ASSETCATALOG_COMPILER_GLOBAL_ACCENT_COLOR_NAME = AccentColor;
				CODE_SIGN_ENTITLEMENTS = "AgInOl Companion/AgInOl Companion.entitlements";
				CODE_SIGN_STYLE = Automatic;
				CURRENT_PROJECT_VERSION = 7;
				DEVELOPMENT_TEAM = KT43342F9W;
				ENABLE_PREVIEWS = YES;
				GENERATE_INFOPLIST_FILE = YES;
				INFOPLIST_KEY_ITSAppUsesNonExemptEncryption = NO;
				INFOPLIST_KEY_UIApplicationSceneManifest_Generation = YES;
				INFOPLIST_KEY_UIApplicationSupportsIndirectInputEvents = YES;
				INFOPLIST_KEY_UILaunchScreen_Generation = YES;
				INFOPLIST_KEY_UISupportedInterfaceOrientations_iPad = "UIInterfaceOrientationPortrait UIInterfaceOrientationPortraitUpsideDown UIInterfaceOrientationLandscapeLeft UIInterfaceOrientationLandscapeRight";
				INFOPLIST_KEY_UISupportedInterfaceOrientations_iPhone = "UIInterfaceOrientationPortrait UIInterfaceOrientationLandscapeLeft UIInterfaceOrientationLandscapeRight";
				IPHONEOS_DEPLOYMENT_TARGET = 26.5;
				LD_RUNPATH_SEARCH_PATHS = (
					"$(inherited)",
					"@executable_path/Frameworks",
				);
				MARKETING_VERSION = 1.0;
				PRODUCT_BUNDLE_IDENTIFIER = "de.IBMobile.AgInOl-Companion";
				PRODUCT_NAME = "$(TARGET_NAME)";
				SDKROOT = iphoneos;
				STRING_CATALOG_GENERATE_SYMBOLS = YES;
				SWIFT_APPROACHABLE_CONCURRENCY = YES;
				SWIFT_DEFAULT_ACTOR_ISOLATION = MainActor;
				SWIFT_EMIT_LOC_STRINGS = YES;
				SWIFT_UPCOMING_FEATURE_MEMBER_IMPORT_VISIBILITY = YES;
				SWIFT_VERSION = 5.0;
				TARGETED_DEVICE_FAMILY = "1,2";
				VALIDATE_PRODUCT = YES;
			};
			name = Release;
		};
		8224F257300E875400AE6A93 /* Debug */ = {
			isa = XCBuildConfiguration;
			buildSettings = {
				BUNDLE_LOADER = "$(TEST_HOST)";
				CODE_SIGN_STYLE = Automatic;
				CURRENT_PROJECT_VERSION = 7;
				DEVELOPMENT_TEAM = KT43342F9W;
				GENERATE_INFOPLIST_FILE = YES;
				IPHONEOS_DEPLOYMENT_TARGET = 26.5;
				MARKETING_VERSION = 1.0;
				PRODUCT_BUNDLE_IDENTIFIER = "de.IBMobile.AgInOl-CompanionTests";
				PRODUCT_NAME = "$(TARGET_NAME)";
				SDKROOT = iphoneos;
				STRING_CATALOG_GENERATE_SYMBOLS = NO;
				SWIFT_APPROACHABLE_CONCURRENCY = YES;
				SWIFT_EMIT_LOC_STRINGS = NO;
				SWIFT_UPCOMING_FEATURE_MEMBER_IMPORT_VISIBILITY = YES;
				SWIFT_VERSION = 5.0;
				TARGETED_DEVICE_FAMILY = "1,2";
				TEST_HOST = "$(BUILT_PRODUCTS_DIR)/AgInOl Companion.app/$(BUNDLE_EXECUTABLE_FOLDER_PATH)/AgInOl Companion";
			};
			name = Debug;
		};
		8224F258300E875400AE6A93 /* Release */ = {
			isa = XCBuildConfiguration;
			buildSettings = {
				BUNDLE_LOADER = "$(TEST_HOST)";
				CODE_SIGN_STYLE = Automatic;
				CURRENT_PROJECT_VERSION = 7;
				DEVELOPMENT_TEAM = KT43342F9W;
				GENERATE_INFOPLIST_FILE = YES;
				IPHONEOS_DEPLOYMENT_TARGET = 26.5;
				MARKETING_VERSION = 1.0;
				PRODUCT_BUNDLE_IDENTIFIER = "de.IBMobile.AgInOl-CompanionTests";
				PRODUCT_NAME = "$(TARGET_NAME)";
				SDKROOT = iphoneos;
				STRING_CATALOG_GENERATE_SYMBOLS = NO;
				SWIFT_APPROACHABLE_CONCURRENCY = YES;
				SWIFT_EMIT_LOC_STRINGS = NO;
				SWIFT_UPCOMING_FEATURE_MEMBER_IMPORT_VISIBILITY = YES;
				SWIFT_VERSION = 5.0;
				TARGETED_DEVICE_FAMILY = "1,2";
				TEST_HOST = "$(BUILT_PRODUCTS_DIR)/AgInOl Companion.app/$(BUNDLE_EXECUTABLE_FOLDER_PATH)/AgInOl Companion";
				VALIDATE_PRODUCT = YES;
			};
			name = Release;
		};
		8224F25A300E875400AE6A93 /* Debug */ = {
			isa = XCBuildConfiguration;
			buildSettings = {
				CODE_SIGN_STYLE = Automatic;
				CURRENT_PROJECT_VERSION = 7;
				DEVELOPMENT_TEAM = KT43342F9W;
				GENERATE_INFOPLIST_FILE = YES;
				IPHONEOS_DEPLOYMENT_TARGET = 26.5;
				MARKETING_VERSION = 1.0;
				PRODUCT_BUNDLE_IDENTIFIER = "de.IBMobile.AgInOl-CompanionUITests";
				PRODUCT_NAME = "$(TARGET_NAME)";
				SDKROOT = iphoneos;
				STRING_CATALOG_GENERATE_SYMBOLS = NO;
				SWIFT_APPROACHABLE_CONCURRENCY = YES;
				SWIFT_EMIT_LOC_STRINGS = NO;
				SWIFT_UPCOMING_FEATURE_MEMBER_IMPORT_VISIBILITY = YES;
				SWIFT_VERSION = 5.0;
				TARGETED_DEVICE_FAMILY = "1,2";
				TEST_TARGET_NAME = "AgInOl Companion";
			};
			name = Debug;
		};
		8224F25B300E875400AE6A93 /* Release */ = {
			isa = XCBuildConfiguration;
			buildSettings = {
				CODE_SIGN_STYLE = Automatic;
				CURRENT_PROJECT_VERSION = 7;
				DEVELOPMENT_TEAM = KT43342F9W;
				GENERATE_INFOPLIST_FILE = YES;
				IPHONEOS_DEPLOYMENT_TARGET = 26.5;
				MARKETING_VERSION = 1.0;
				PRODUCT_BUNDLE_IDENTIFIER = "de.IBMobile.AgInOl-CompanionUITests";
				PRODUCT_NAME = "$(TARGET_NAME)";
				SDKROOT = iphoneos;
				STRING_CATALOG_GENERATE_SYMBOLS = NO;
				SWIFT_APPROACHABLE_CONCURRENCY = YES;
				SWIFT_EMIT_LOC_STRINGS = NO;
				SWIFT_UPCOMING_FEATURE_MEMBER_IMPORT_VISIBILITY = YES;
				SWIFT_VERSION = 5.0;
				TARGETED_DEVICE_FAMILY = "1,2";
				TEST_TARGET_NAME = "AgInOl Companion";
				VALIDATE_PRODUCT = YES;
			};
			name = Release;
		};
		825DB568300BF0BA00DC1644 /* Debug */ = {
			isa = XCBuildConfiguration;
			buildSettings = {
				ALWAYS_SEARCH_USER_PATHS = NO;
				ASSETCATALOG_COMPILER_GENERATE_SWIFT_ASSET_SYMBOL_EXTENSIONS = YES;
				CLANG_ANALYZER_NONNULL = YES;
				CLANG_ANALYZER_NUMBER_OBJECT_CONVERSION = YES_AGGRESSIVE;
				CLANG_CXX_LANGUAGE_STANDARD = "gnu++20";
				CLANG_ENABLE_MODULES = YES;
				CLANG_ENABLE_OBJC_ARC = YES;
				CLANG_ENABLE_OBJC_WEAK = YES;
				CLANG_WARN_BLOCK_CAPTURE_AUTORELEASING = YES;
				CLANG_WARN_BOOL_CONVERSION = YES;
				CLANG_WARN_COMMA = YES;
				CLANG_WARN_CONSTANT_CONVERSION = YES;
				CLANG_WARN_DEPRECATED_OBJC_IMPLEMENTATIONS = YES;
				CLANG_WARN_DIRECT_OBJC_ISA_USAGE = YES_ERROR;
				CLANG_WARN_DOCUMENTATION_COMMENTS = YES;
				CLANG_WARN_EMPTY_BODY = YES;
				CLANG_WARN_ENUM_CONVERSION = YES;
				CLANG_WARN_INFINITE_RECURSION = YES;
				CLANG_WARN_INT_CONVERSION = YES;
				CLANG_WARN_NON_LITERAL_NULL_CONVERSION = YES;
				CLANG_WARN_OBJC_IMPLICIT_RETAIN_SELF = YES;
				CLANG_WARN_OBJC_LITERAL_CONVERSION = YES;
				CLANG_WARN_OBJC_ROOT_CLASS = YES_ERROR;
				CLANG_WARN_QUOTED_INCLUDE_IN_FRAMEWORK_HEADER = YES;
				CLANG_WARN_RANGE_LOOP_ANALYSIS = YES;
				CLANG_WARN_STRICT_PROTOTYPES = YES;
				CLANG_WARN_SUSPICIOUS_MOVE = YES;
				CLANG_WARN_UNGUARDED_AVAILABILITY = YES_AGGRESSIVE;
				CLANG_WARN_UNREACHABLE_CODE = YES;
				CLANG_WARN__DUPLICATE_METHOD_MATCH = YES;
				COPY_PHASE_STRIP = NO;
				DEBUG_INFORMATION_FORMAT = dwarf;
				DEVELOPMENT_TEAM = KT43342F9W;
				ENABLE_STRICT_OBJC_MSGSEND = YES;
				ENABLE_TESTABILITY = YES;
				ENABLE_USER_SCRIPT_SANDBOXING = YES;
				GCC_C_LANGUAGE_STANDARD = gnu17;
				GCC_DYNAMIC_NO_PIC = NO;
				GCC_NO_COMMON_BLOCKS = YES;
				GCC_OPTIMIZATION_LEVEL = 0;
				GCC_PREPROCESSOR_DEFINITIONS = (
					"DEBUG=1",
					"$(inherited)",
				);
				GCC_WARN_64_TO_32_BIT_CONVERSION = YES;
				GCC_WARN_ABOUT_RETURN_TYPE = YES_ERROR;
				GCC_WARN_UNDECLARED_SELECTOR = YES;
				GCC_WARN_UNINITIALIZED_AUTOS = YES_AGGRESSIVE;
				GCC_WARN_UNUSED_FUNCTION = YES;
				GCC_WARN_UNUSED_VARIABLE = YES;
				LOCALIZATION_PREFERS_STRING_CATALOGS = YES;
				MACOSX_DEPLOYMENT_TARGET = 26.5;
				MTL_ENABLE_DEBUG_INFO = INCLUDE_SOURCE;
				MTL_FAST_MATH = YES;
				ONLY_ACTIVE_ARCH = YES;
				SDKROOT = macosx;
				SWIFT_ACTIVE_COMPILATION_CONDITIONS = "DEBUG $(inherited)";
				SWIFT_OPTIMIZATION_LEVEL = "-Onone";
			};
			name = Debug;
		};
		825DB569300BF0BA00DC1644 /* Release */ = {
			isa = XCBuildConfiguration;
			buildSettings = {
				ALWAYS_SEARCH_USER_PATHS = NO;
				ASSETCATALOG_COMPILER_GENERATE_SWIFT_ASSET_SYMBOL_EXTENSIONS = YES;
				CLANG_ANALYZER_NONNULL = YES;
				CLANG_ANALYZER_NUMBER_OBJECT_CONVERSION = YES_AGGRESSIVE;
				CLANG_CXX_LANGUAGE_STANDARD = "gnu++20";
				CLANG_ENABLE_MODULES = YES;
				CLANG_ENABLE_OBJC_ARC = YES;
				CLANG_ENABLE_OBJC_WEAK = YES;
				CLANG_WARN_BLOCK_CAPTURE_AUTORELEASING = YES;
				CLANG_WARN_BOOL_CONVERSION = YES;
				CLANG_WARN_COMMA = YES;
				CLANG_WARN_CONSTANT_CONVERSION = YES;
				CLANG_WARN_DEPRECATED_OBJC_IMPLEMENTATIONS = YES;
				CLANG_WARN_DIRECT_OBJC_ISA_USAGE = YES_ERROR;
				CLANG_WARN_DOCUMENTATION_COMMENTS = YES;
				CLANG_WARN_EMPTY_BODY = YES;
				CLANG_WARN_ENUM_CONVERSION = YES;
				CLANG_WARN_INFINITE_RECURSION = YES;
				CLANG_WARN_INT_CONVERSION = YES;
				CLANG_WARN_NON_LITERAL_NULL_CONVERSION = YES;
				CLANG_WARN_OBJC_IMPLICIT_RETAIN_SELF = YES;
				CLANG_WARN_OBJC_LITERAL_CONVERSION = YES;
				CLANG_WARN_OBJC_ROOT_CLASS = YES_ERROR;
				CLANG_WARN_QUOTED_INCLUDE_IN_FRAMEWORK_HEADER = YES;
				CLANG_WARN_RANGE_LOOP_ANALYSIS = YES;
				CLANG_WARN_STRICT_PROTOTYPES = YES;
				CLANG_WARN_SUSPICIOUS_MOVE = YES;
				CLANG_WARN_UNGUARDED_AVAILABILITY = YES_AGGRESSIVE;
				CLANG_WARN_UNREACHABLE_CODE = YES;
				CLANG_WARN__DUPLICATE_METHOD_MATCH = YES;
				COPY_PHASE_STRIP = NO;
				DEBUG_INFORMATION_FORMAT = "dwarf-with-dsym";
				DEVELOPMENT_TEAM = KT43342F9W;
				ENABLE_NS_ASSERTIONS = NO;
				ENABLE_STRICT_OBJC_MSGSEND = YES;
				ENABLE_USER_SCRIPT_SANDBOXING = YES;
				GCC_C_LANGUAGE_STANDARD = gnu17;
				GCC_NO_COMMON_BLOCKS = YES;
				GCC_WARN_64_TO_32_BIT_CONVERSION = YES;
				GCC_WARN_ABOUT_RETURN_TYPE = YES_ERROR;
				GCC_WARN_UNDECLARED_SELECTOR = YES;
				GCC_WARN_UNINITIALIZED_AUTOS = YES_AGGRESSIVE;
				GCC_WARN_UNUSED_FUNCTION = YES;
				GCC_WARN_UNUSED_VARIABLE = YES;
				LOCALIZATION_PREFERS_STRING_CATALOGS = YES;
				MACOSX_DEPLOYMENT_TARGET = 26.5;
				MTL_ENABLE_DEBUG_INFO = NO;
				MTL_FAST_MATH = YES;
				SDKROOT = macosx;
				SWIFT_COMPILATION_MODE = wholemodule;
			};
			name = Release;
		};
		825DB56B300BF0BA00DC1644 /* Debug */ = {
			isa = XCBuildConfiguration;
			buildSettings = {
				ASSETCATALOG_COMPILER_APPICON_NAME = AppIcon;
				ASSETCATALOG_COMPILER_GLOBAL_ACCENT_COLOR_NAME = AccentColor;
				CODE_SIGN_ENTITLEMENTS = AgInOl/AgInOl.entitlements;
				CODE_SIGN_STYLE = Automatic;
				COMBINE_HIDPI_IMAGES = YES;
				CURRENT_PROJECT_VERSION = 7;
				DEVELOPMENT_TEAM = KT43342F9W;
				ENABLE_APP_SANDBOX = NO;
				ENABLE_HARDENED_RUNTIME = YES;
				ENABLE_PREVIEWS = YES;
				ENABLE_USER_SELECTED_FILES = readonly;
				GENERATE_INFOPLIST_FILE = YES;
				INFOPLIST_KEY_ITSAppUsesNonExemptEncryption = NO;
				INFOPLIST_KEY_LSUIElement = YES;
				INFOPLIST_KEY_NSHumanReadableCopyright = "";
				LD_RUNPATH_SEARCH_PATHS = (
					"$(inherited)",
					"@executable_path/../Frameworks",
				);
				MARKETING_VERSION = 1.0;
				PRODUCT_BUNDLE_IDENTIFIER = de.IBMobile.AgInOl;
				PRODUCT_NAME = "$(TARGET_NAME)";
				REGISTER_APP_GROUPS = YES;
				STRING_CATALOG_GENERATE_SYMBOLS = YES;
				SWIFT_APPROACHABLE_CONCURRENCY = YES;
				SWIFT_DEFAULT_ACTOR_ISOLATION = MainActor;
				SWIFT_EMIT_LOC_STRINGS = YES;
				SWIFT_UPCOMING_FEATURE_MEMBER_IMPORT_VISIBILITY = YES;
				SWIFT_VERSION = 5.0;
			};
			name = Debug;
		};
		825DB56C300BF0BA00DC1644 /* Release */ = {
			isa = XCBuildConfiguration;
			buildSettings = {
				ASSETCATALOG_COMPILER_APPICON_NAME = AppIcon;
				ASSETCATALOG_COMPILER_GLOBAL_ACCENT_COLOR_NAME = AccentColor;
				CODE_SIGN_ENTITLEMENTS = AgInOl/AgInOl.entitlements;
				CODE_SIGN_STYLE = Automatic;
				COMBINE_HIDPI_IMAGES = YES;
				CURRENT_PROJECT_VERSION = 7;
				DEVELOPMENT_TEAM = KT43342F9W;
				ENABLE_APP_SANDBOX = NO;
				ENABLE_HARDENED_RUNTIME = YES;
				ENABLE_PREVIEWS = YES;
				ENABLE_USER_SELECTED_FILES = readonly;
				GENERATE_INFOPLIST_FILE = YES;
				INFOPLIST_KEY_ITSAppUsesNonExemptEncryption = NO;
				INFOPLIST_KEY_LSUIElement = YES;
				INFOPLIST_KEY_NSHumanReadableCopyright = "";
				LD_RUNPATH_SEARCH_PATHS = (
					"$(inherited)",
					"@executable_path/../Frameworks",
				);
				MARKETING_VERSION = 1.0;
				PRODUCT_BUNDLE_IDENTIFIER = de.IBMobile.AgInOl;
				PRODUCT_NAME = "$(TARGET_NAME)";
				REGISTER_APP_GROUPS = YES;
				STRING_CATALOG_GENERATE_SYMBOLS = YES;
				SWIFT_APPROACHABLE_CONCURRENCY = YES;
				SWIFT_DEFAULT_ACTOR_ISOLATION = MainActor;
				SWIFT_EMIT_LOC_STRINGS = YES;
				SWIFT_UPCOMING_FEATURE_MEMBER_IMPORT_VISIBILITY = YES;
				SWIFT_VERSION = 5.0;
			};
			name = Release;
		};
		825DB56E300BF0BA00DC1644 /* Debug */ = {
			isa = XCBuildConfiguration;
			buildSettings = {
				BUNDLE_LOADER = "$(TEST_HOST)";
				CODE_SIGN_STYLE = Automatic;
				CURRENT_PROJECT_VERSION = 7;
				DEVELOPMENT_TEAM = KT43342F9W;
				GENERATE_INFOPLIST_FILE = YES;
				MACOSX_DEPLOYMENT_TARGET = 26.5;
				MARKETING_VERSION = 1.0;
				PRODUCT_BUNDLE_IDENTIFIER = de.IBMobile.AgInOlTests;
				PRODUCT_NAME = "$(TARGET_NAME)";
				STRING_CATALOG_GENERATE_SYMBOLS = NO;
				SWIFT_APPROACHABLE_CONCURRENCY = YES;
				SWIFT_EMIT_LOC_STRINGS = NO;
				SWIFT_UPCOMING_FEATURE_MEMBER_IMPORT_VISIBILITY = YES;
				SWIFT_VERSION = 5.0;
				TEST_HOST = "$(BUILT_PRODUCTS_DIR)/AgInOl.app/$(BUNDLE_EXECUTABLE_FOLDER_PATH)/AgInOl";
			};
			name = Debug;
		};
		825DB56F300BF0BA00DC1644 /* Release */ = {
			isa = XCBuildConfiguration;
			buildSettings = {
				BUNDLE_LOADER = "$(TEST_HOST)";
				CODE_SIGN_STYLE = Automatic;
				CURRENT_PROJECT_VERSION = 7;
				DEVELOPMENT_TEAM = KT43342F9W;
				GENERATE_INFOPLIST_FILE = YES;
				MACOSX_DEPLOYMENT_TARGET = 26.5;
				MARKETING_VERSION = 1.0;
				PRODUCT_BUNDLE_IDENTIFIER = de.IBMobile.AgInOlTests;
				PRODUCT_NAME = "$(TARGET_NAME)";
				STRING_CATALOG_GENERATE_SYMBOLS = NO;
				SWIFT_APPROACHABLE_CONCURRENCY = YES;
				SWIFT_EMIT_LOC_STRINGS = NO;
				SWIFT_UPCOMING_FEATURE_MEMBER_IMPORT_VISIBILITY = YES;
				SWIFT_VERSION = 5.0;
				TEST_HOST = "$(BUILT_PRODUCTS_DIR)/AgInOl.app/$(BUNDLE_EXECUTABLE_FOLDER_PATH)/AgInOl";
			};
			name = Release;
		};
		825DB571300BF0BA00DC1644 /* Debug */ = {
			isa = XCBuildConfiguration;
			buildSettings = {
				CODE_SIGN_STYLE = Automatic;
				CURRENT_PROJECT_VERSION = 7;
				DEVELOPMENT_TEAM = KT43342F9W;
				GENERATE_INFOPLIST_FILE = YES;
				MARKETING_VERSION = 1.0;
				PRODUCT_BUNDLE_IDENTIFIER = de.IBMobile.AgInOlUITests;
				PRODUCT_NAME = "$(TARGET_NAME)";
				STRING_CATALOG_GENERATE_SYMBOLS = NO;
				SWIFT_APPROACHABLE_CONCURRENCY = YES;
				SWIFT_EMIT_LOC_STRINGS = NO;
				SWIFT_UPCOMING_FEATURE_MEMBER_IMPORT_VISIBILITY = YES;
				SWIFT_VERSION = 5.0;
				TEST_TARGET_NAME = AgInOl;
			};
			name = Debug;
		};
		825DB572300BF0BA00DC1644 /* Release */ = {
			isa = XCBuildConfiguration;
			buildSettings = {
				CODE_SIGN_STYLE = Automatic;
				CURRENT_PROJECT_VERSION = 7;
				DEVELOPMENT_TEAM = KT43342F9W;
				GENERATE_INFOPLIST_FILE = YES;
				MARKETING_VERSION = 1.0;
				PRODUCT_BUNDLE_IDENTIFIER = de.IBMobile.AgInOlUITests;
				PRODUCT_NAME = "$(TARGET_NAME)";
				STRING_CATALOG_GENERATE_SYMBOLS = NO;
				SWIFT_APPROACHABLE_CONCURRENCY = YES;
				SWIFT_EMIT_LOC_STRINGS = NO;
				SWIFT_UPCOMING_FEATURE_MEMBER_IMPORT_VISIBILITY = YES;
				SWIFT_VERSION = 5.0;
				TEST_TARGET_NAME = AgInOl;
			};
			name = Release;
		};
/* End XCBuildConfiguration section */

/* Begin XCConfigurationList section */
		8224F253300E875400AE6A93 /* Build configuration list for PBXNativeTarget "AgInOl Companion" */ = {
			isa = XCConfigurationList;
			buildConfigurations = (
				8224F254300E875400AE6A93 /* Debug */,
				8224F255300E875400AE6A93 /* Release */,
			);
			defaultConfigurationIsVisible = 0;
			defaultConfigurationName = Release;
		};
		8224F256300E875400AE6A93 /* Build configuration list for PBXNativeTarget "AgInOl CompanionTests" */ = {
			isa = XCConfigurationList;
			buildConfigurations = (
				8224F257300E875400AE6A93 /* Debug */,
				8224F258300E875400AE6A93 /* Release */,
			);
			defaultConfigurationIsVisible = 0;
			defaultConfigurationName = Release;
		};
		8224F259300E875400AE6A93 /* Build configuration list for PBXNativeTarget "AgInOl CompanionUITests" */ = {
			isa = XCConfigurationList;
			buildConfigurations = (
				8224F25A300E875400AE6A93 /* Debug */,
				8224F25B300E875400AE6A93 /* Release */,
			);
			defaultConfigurationIsVisible = 0;
			defaultConfigurationName = Release;
		};
		825DB542300BF0B800DC1644 /* Build configuration list for PBXProject "AgInOl" */ = {
			isa = XCConfigurationList;
			buildConfigurations = (
				825DB568300BF0BA00DC1644 /* Debug */,
				825DB569300BF0BA00DC1644 /* Release */,
			);
			defaultConfigurationIsVisible = 0;
			defaultConfigurationName = Release;
		};
		825DB56A300BF0BA00DC1644 /* Build configuration list for PBXNativeTarget "AgInOl" */ = {
			isa = XCConfigurationList;
			buildConfigurations = (
				825DB56B300BF0BA00DC1644 /* Debug */,
				825DB56C300BF0BA00DC1644 /* Release */,
			);
			defaultConfigurationIsVisible = 0;
			defaultConfigurationName = Release;
		};
		825DB56D300BF0BA00DC1644 /* Build configuration list for PBXNativeTarget "AgInOlTests" */ = {
			isa = XCConfigurationList;
			buildConfigurations = (
				825DB56E300BF0BA00DC1644 /* Debug */,
				825DB56F300BF0BA00DC1644 /* Release */,
			);
			defaultConfigurationIsVisible = 0;
			defaultConfigurationName = Release;
		};
		825DB570300BF0BA00DC1644 /* Build configuration list for PBXNativeTarget "AgInOlUITests" */ = {
			isa = XCConfigurationList;
			buildConfigurations = (
				825DB571300BF0BA00DC1644 /* Debug */,
				825DB572300BF0BA00DC1644 /* Release */,
			);
			defaultConfigurationIsVisible = 0;
			defaultConfigurationName = Release;
		};
/* End XCConfigurationList section */

/* Begin XCRemoteSwiftPackageReference section */
		82F45298301BC8EF00AE050A /* XCRemoteSwiftPackageReference "Sparkle" */ = {
			isa = XCRemoteSwiftPackageReference;
			repositoryURL = "https://github.com/sparkle-project/Sparkle";
			requirement = {
				kind = upToNextMajorVersion;
				minimumVersion = 2.9.4;
			};
		};
/* End XCRemoteSwiftPackageReference section */
	};
	rootObject = 825DB53F300BF0B800DC1644 /* Project object */;
}
